
Microsoft Visual Studio Solution File, Format Version 12.00
# Visual Studio Version 17
VisualStudioVersion = 17.8.34309.116
MinimumVisualStudioVersion = 10.0.40219.1
Project("{8BC9CEB8-8B4A-11D0-8D11-00A0C91BC942}") = "Seminar3", "Seminar3.vcxproj", "{03444DF7-9CA1-482C-8095-F703EE2EB494}"
EndProject
Global
	GlobalSection(SolutionConfigurationPlatforms) = preSolution
		Debug|x64 = Debug|x64
		Debug|x86 = Debug|x86
		Release|x64 = Release|x64
		Release|x86 = Release|x86
	EndGlobalSection
	GlobalSection(ProjectConfigurationPlatforms) = postSolution
		{03444DF7-9CA1-482C-8095-F703EE2EB494}.Debug|x64.ActiveCfg = Debug|x64
		{03444DF7-9CA1-482C-8095-F703EE2EB494}.Debug|x64.Build.0 = Debug|x64
		{03444DF7-9CA1-482C-8095-F703EE2EB494}.Debug|x86.ActiveCfg = Debug|Win32
		{03444DF7-9CA1-482C-8095-F703EE2EB494}.Debug|x86.Build.0 = Debug|Win32
		{03444DF7-9CA1-482C-8095-F703EE2EB494}.Release|x64.ActiveCfg = Release|x64
		{03444DF7-9CA1-482C-8095-F703EE2EB494}.Release|x64.Build.0 = Release|x64
		{03444DF7-9CA1-482C-8095-F703EE2EB494}.Release|x86.ActiveCfg = Release|Win32
		{03444DF7-9CA1-482C-8095-F703EE2EB494}.Release|x86.Build.0 = Release|Win32
	EndGlobalSection
	GlobalSection(SolutionProperties) = preSolution
		HideSolutionNode = FALSE
	EndGlobalSection
	GlobalSection(ExtensibilityGlobals) = postSolution
		SolutionGuid = {E31E7A78-98A1-416E-853A-9E08883FB0D9}
	EndGlobalSection
EndGlobal
